
Microsoft Visual Studio Solution File, Format Version 12.00
# Visual Studio Version 16
VisualStudioVersion = 16.0.29102.190
MinimumVisualStudioVersion = 10.0.40219.1
Project("{FAE04EC0-301F-11D3-BF4B-00C04F79EFBC}") = "Camera_NET", "..\Camera_Net\Camera_Net\Camera_NET.csproj", "{E6052609-A070-41D5-85B9-ACABA91170C5}"
EndProject
Project("{FAE04EC0-301F-11D3-BF4B-00C04F79EFBC}") = "DirectShowLib-2010", "..\Camera_Net\DirectShowLib\DirectShowLib-2010.csproj", "{48BEED21-1BF3-4E7F-969D-654856F67074}"
EndProject
Project("{FAE04EC0-301F-11D3-BF4B-00C04F79EFBC}") = "WebCamPerfTestProject", "..\..\..\Downloads\sampgrab_src3\sampgrab_src\CreateFilterTestProject\WebCamPerfTestProject.csproj", "{182F1761-D955-46E8-AC09-D12E32869445}"
EndProject
Project("{FAE04EC0-301F-11D3-BF4B-00C04F79EFBC}") = "CustomCamera_pilot", "..\CustomCamera_pilot\CustomCamera_pilot.csproj", "{D421DA2D-ED0E-49FF-9347-B5EBD9FCEE38}"
EndProject
Project("{FAE04EC0-301F-11D3-BF4B-00C04F79EFBC}") = "SensorInvoke", "..\SensorInvoke\SensorInvoke.csproj", "{6A838254-83E4-4199-8FD1-5A7BCF1B85C6}"
EndProject
Project("{FAE04EC0-301F-11D3-BF4B-00C04F79EFBC}") = "FaceDetection", "FaceDetection.csproj", "{B3AFA826-C1C2-4017-8BC7-CF7F62494F60}"
EndProject
Project("{FAE04EC0-301F-11D3-BF4B-00C04F79EFBC}") = "MediaCopy", "..\MediaCopy\MediaCopy.csproj", "{FF1629B6-320B-4F83-B785-0DCAA2DA2A22}"
EndProject
Project("{FAE04EC0-301F-11D3-BF4B-00C04F79EFBC}") = "OpenH264Sample", "..\OpenH264Lib.NET\OpenH264Sample\OpenH264Sample.csproj", "{055C6F93-F112-4368-BF35-DFC3767669FC}"
EndProject
Project("{FAE04EC0-301F-11D3-BF4B-00C04F79EFBC}") = "FrameWriter", "..\FrameWriter\FrameWriter.csproj", "{E90B6217-83E7-48A4-9729-C38031A5BD73}"
EndProject
Project("{FAE04EC0-301F-11D3-BF4B-00C04F79EFBC}") = "MediaPlayer", "..\MediaPlayer\MediaPlayer.csproj", "{344464CB-4F0E-48BA-BD04-7AEF6FC1281E}"
EndProject
Project("{FAE04EC0-301F-11D3-BF4B-00C04F79EFBC}") = "DxSnap-2008", "..\..\..\Downloads\DirectShowSamples-2010-February\Samples\Capture\DxSnap\DxSnap-2008.csproj", "{EB58D98D-4D91-49D9-B75E-0379EB5ED547}"
EndProject
Project("{FAE04EC0-301F-11D3-BF4B-00C04F79EFBC}") = "UsbCamera2", "..\UsbCamera2\UsbCamera2.csproj", "{78204DE0-18F7-43DD-A811-87E4F9AF80E2}"
EndProject
Project("{8BC9CEB8-8B4A-11D0-8D11-00A0C91BC942}") = "OpenH264Lib", "..\OpenH264Lib.NET\OpenH264Lib\OpenH264Lib.vcxproj", "{B4FE105E-C607-40DC-A86B-AED03E14D18D}"
EndProject
Project("{FAE04EC0-301F-11D3-BF4B-00C04F79EFBC}") = "RAMBucketModel", "..\RAMBucketModel\RAMBucketModel.csproj", "{94E65CA6-5138-4648-909C-4C751680FA85}"
EndProject
Project("{FAE04EC0-301F-11D3-BF4B-00C04F79EFBC}") = "IM_DeJaVu_1", "..\IM_DeJaVu_1\IM_DeJaVu_1.csproj", "{F13F4318-3CB8-4FEC-A697-AD7D9AE2A3AE}"
EndProject
Project("{FAE04EC0-301F-11D3-BF4B-00C04F79EFBC}") = "ScreenBrightness", "..\ScreenBrightness\ScreenBrightness.csproj", "{E39F50F9-B040-44E3-A1E5-7394E2D40598}"
EndProject
Project("{FAE04EC0-301F-11D3-BF4B-00C04F79EFBC}") = "TestCamWin32", "..\TestCamWin32\TestCamWin32.csproj", "{C9824622-1ACA-4C5B-A581-3E7B5AF88C7D}"
EndProject
Project("{FAE04EC0-301F-11D3-BF4B-00C04F79EFBC}") = "WpfAppTransparencyTest", "..\WpfAppTransparencyTest\WpfAppTransparencyTest.csproj", "{8B47DA25-6289-4F16-BD83-2C1EDB947655}"
EndProject
Project("{FAE04EC0-301F-11D3-BF4B-00C04F79EFBC}") = "WPF_CAMERA_NET", "..\WPF_CAMERA_NET\WPF_CAMERA_NET.csproj", "{C68C0255-2B33-49F4-B560-EBEE95CFA813}"
EndProject
Project("{FAE04EC0-301F-11D3-BF4B-00C04F79EFBC}") = "VerySimpleWpf", "..\Camera_Net\Samples\VerySimpleWpf\VerySimpleWpf.csproj", "{1A2B708D-7D5C-4963-9956-DD94A52163C7}"
EndProject
Project("{FAE04EC0-301F-11D3-BF4B-00C04F79EFBC}") = "CameraControlTool", "..\Camera_Net\Samples\CameraControlTool\CameraControlTool.csproj", "{5E315D76-0A31-4AFA-9084-95809AE8C56E}"
EndProject
Global
	GlobalSection(SolutionConfigurationPlatforms) = preSolution
		customConfig|Any CPU = customConfig|Any CPU
		customConfig|x64 = customConfig|x64
		customConfig|x86 = customConfig|x86
		Debug|Any CPU = Debug|Any CPU
		Debug|x64 = Debug|x64
		Debug|x86 = Debug|x86
		Release|Any CPU = Release|Any CPU
		Release|x64 = Release|x64
		Release|x86 = Release|x86
		Remote|Any CPU = Remote|Any CPU
		Remote|x64 = Remote|x64
		Remote|x86 = Remote|x86
	EndGlobalSection
	GlobalSection(ProjectConfigurationPlatforms) = postSolution
		{E6052609-A070-41D5-85B9-ACABA91170C5}.customConfig|Any CPU.ActiveCfg = Release|Any CPU
		{E6052609-A070-41D5-85B9-ACABA91170C5}.customConfig|Any CPU.Build.0 = Release|Any CPU
		{E6052609-A070-41D5-85B9-ACABA91170C5}.customConfig|x64.ActiveCfg = Debug|Any CPU
		{E6052609-A070-41D5-85B9-ACABA91170C5}.customConfig|x64.Build.0 = Debug|Any CPU
		{E6052609-A070-41D5-85B9-ACABA91170C5}.customConfig|x86.ActiveCfg = Release|Any CPU
		{E6052609-A070-41D5-85B9-ACABA91170C5}.customConfig|x86.Build.0 = Release|Any CPU
		{E6052609-A070-41D5-85B9-ACABA91170C5}.Debug|Any CPU.ActiveCfg = Debug|Any CPU
		{E6052609-A070-41D5-85B9-ACABA91170C5}.Debug|Any CPU.Build.0 = Debug|Any CPU
		{E6052609-A070-41D5-85B9-ACABA91170C5}.Debug|x64.ActiveCfg = Debug|Any CPU
		{E6052609-A070-41D5-85B9-ACABA91170C5}.Debug|x64.Build.0 = Debug|Any CPU
		{E6052609-A070-41D5-85B9-ACABA91170C5}.Debug|x86.ActiveCfg = Debug|Any CPU
		{E6052609-A070-41D5-85B9-ACABA91170C5}.Debug|x86.Build.0 = Debug|Any CPU
		{E6052609-A070-41D5-85B9-ACABA91170C5}.Release|Any CPU.ActiveCfg = Release|Any CPU
		{E6052609-A070-41D5-85B9-ACABA91170C5}.Release|Any CPU.Build.0 = Release|Any CPU
		{E6052609-A070-41D5-85B9-ACABA91170C5}.Release|x64.ActiveCfg = Release|Any CPU
		{E6052609-A070-41D5-85B9-ACABA91170C5}.Release|x64.Build.0 = Release|Any CPU
		{E6052609-A070-41D5-85B9-ACABA91170C5}.Release|x86.ActiveCfg = Release|Any CPU
		{E6052609-A070-41D5-85B9-ACABA91170C5}.Release|x86.Build.0 = Release|Any CPU
		{E6052609-A070-41D5-85B9-ACABA91170C5}.Remote|Any CPU.ActiveCfg = Release|Any CPU
		{E6052609-A070-41D5-85B9-ACABA91170C5}.Remote|Any CPU.Build.0 = Release|Any CPU
		{E6052609-A070-41D5-85B9-ACABA91170C5}.Remote|x64.ActiveCfg = Release|Any CPU
		{E6052609-A070-41D5-85B9-ACABA91170C5}.Remote|x64.Build.0 = Release|Any CPU
		{E6052609-A070-41D5-85B9-ACABA91170C5}.Remote|x86.ActiveCfg = Release|Any CPU
		{E6052609-A070-41D5-85B9-ACABA91170C5}.Remote|x86.Build.0 = Release|Any CPU
		{48BEED21-1BF3-4E7F-969D-654856F67074}.customConfig|Any CPU.ActiveCfg = Release|Any CPU
		{48BEED21-1BF3-4E7F-969D-654856F67074}.customConfig|Any CPU.Build.0 = Release|Any CPU
		{48BEED21-1BF3-4E7F-969D-654856F67074}.customConfig|x64.ActiveCfg = Debug|Any CPU
		{48BEED21-1BF3-4E7F-969D-654856F67074}.customConfig|x64.Build.0 = Debug|Any CPU
		{48BEED21-1BF3-4E7F-969D-654856F67074}.customConfig|x86.ActiveCfg = Release|Any CPU
		{48BEED21-1BF3-4E7F-969D-654856F67074}.customConfig|x86.Build.0 = Release|Any CPU
		{48BEED21-1BF3-4E7F-969D-654856F67074}.Debug|Any CPU.ActiveCfg = Debug|Any CPU
		{48BEED21-1BF3-4E7F-969D-654856F67074}.Debug|Any CPU.Build.0 = Debug|Any CPU
		{48BEED21-1BF3-4E7F-969D-654856F67074}.Debug|x64.ActiveCfg = Debug|Any CPU
		{48BEED21-1BF3-4E7F-969D-654856F67074}.Debug|x64.Build.0 = Debug|Any CPU
		{48BEED21-1BF3-4E7F-969D-654856F67074}.Debug|x86.ActiveCfg = Debug|Any CPU
		{48BEED21-1BF3-4E7F-969D-654856F67074}.Debug|x86.Build.0 = Debug|Any CPU
		{48BEED21-1BF3-4E7F-969D-654856F67074}.Release|Any CPU.ActiveCfg = Release|Any CPU
		{48BEED21-1BF3-4E7F-969D-654856F67074}.Release|Any CPU.Build.0 = Release|Any CPU
		{48BEED21-1BF3-4E7F-969D-654856F67074}.Release|x64.ActiveCfg = Release|Any CPU
		{48BEED21-1BF3-4E7F-969D-654856F67074}.Release|x64.Build.0 = Release|Any CPU
		{48BEED21-1BF3-4E7F-969D-654856F67074}.Release|x86.ActiveCfg = Release|Any CPU
		{48BEED21-1BF3-4E7F-969D-654856F67074}.Release|x86.Build.0 = Release|Any CPU
		{48BEED21-1BF3-4E7F-969D-654856F67074}.Remote|Any CPU.ActiveCfg = Release|Any CPU
		{48BEED21-1BF3-4E7F-969D-654856F67074}.Remote|Any CPU.Build.0 = Release|Any CPU
		{48BEED21-1BF3-4E7F-969D-654856F67074}.Remote|x64.ActiveCfg = Release|Any CPU
		{48BEED21-1BF3-4E7F-969D-654856F67074}.Remote|x64.Build.0 = Release|Any CPU
		{48BEED21-1BF3-4E7F-969D-654856F67074}.Remote|x86.ActiveCfg = Release|Any CPU
		{48BEED21-1BF3-4E7F-969D-654856F67074}.Remote|x86.Build.0 = Release|Any CPU
		{182F1761-D955-46E8-AC09-D12E32869445}.customConfig|Any CPU.ActiveCfg = Release|Any CPU
		{182F1761-D955-46E8-AC09-D12E32869445}.customConfig|Any CPU.Build.0 = Release|Any CPU
		{182F1761-D955-46E8-AC09-D12E32869445}.customConfig|x64.ActiveCfg = Debug|Any CPU
		{182F1761-D955-46E8-AC09-D12E32869445}.customConfig|x64.Build.0 = Debug|Any CPU
		{182F1761-D955-46E8-AC09-D12E32869445}.customConfig|x86.ActiveCfg = Release|Any CPU
		{182F1761-D955-46E8-AC09-D12E32869445}.customConfig|x86.Build.0 = Release|Any CPU
		{182F1761-D955-46E8-AC09-D12E32869445}.Debug|Any CPU.ActiveCfg = Debug|Any CPU
		{182F1761-D955-46E8-AC09-D12E32869445}.Debug|Any CPU.Build.0 = Debug|Any CPU
		{182F1761-D955-46E8-AC09-D12E32869445}.Debug|x64.ActiveCfg = Debug|Any CPU
		{182F1761-D955-46E8-AC09-D12E32869445}.Debug|x64.Build.0 = Debug|Any CPU
		{182F1761-D955-46E8-AC09-D12E32869445}.Debug|x86.ActiveCfg = Debug|Any CPU
		{182F1761-D955-46E8-AC09-D12E32869445}.Debug|x86.Build.0 = Debug|Any CPU
		{182F1761-D955-46E8-AC09-D12E32869445}.Release|Any CPU.ActiveCfg = Release|Any CPU
		{182F1761-D955-46E8-AC09-D12E32869445}.Release|Any CPU.Build.0 = Release|Any CPU
		{182F1761-D955-46E8-AC09-D12E32869445}.Release|x64.ActiveCfg = Release|Any CPU
		{182F1761-D955-46E8-AC09-D12E32869445}.Release|x64.Build.0 = Release|Any CPU
		{182F1761-D955-46E8-AC09-D12E32869445}.Release|x86.ActiveCfg = Release|Any CPU
		{182F1761-D955-46E8-AC09-D12E32869445}.Release|x86.Build.0 = Release|Any CPU
		{182F1761-D955-46E8-AC09-D12E32869445}.Remote|Any CPU.ActiveCfg = Release|Any CPU
		{182F1761-D955-46E8-AC09-D12E32869445}.Remote|Any CPU.Build.0 = Release|Any CPU
		{182F1761-D955-46E8-AC09-D12E32869445}.Remote|x64.ActiveCfg = Release|Any CPU
		{182F1761-D955-46E8-AC09-D12E32869445}.Remote|x64.Build.0 = Release|Any CPU
		{182F1761-D955-46E8-AC09-D12E32869445}.Remote|x86.ActiveCfg = Release|Any CPU
		{182F1761-D955-46E8-AC09-D12E32869445}.Remote|x86.Build.0 = Release|Any CPU
		{D421DA2D-ED0E-49FF-9347-B5EBD9FCEE38}.customConfig|Any CPU.ActiveCfg = Release|Any CPU
		{D421DA2D-ED0E-49FF-9347-B5EBD9FCEE38}.customConfig|Any CPU.Build.0 = Release|Any CPU
		{D421DA2D-ED0E-49FF-9347-B5EBD9FCEE38}.customConfig|x64.ActiveCfg = Debug|Any CPU
		{D421DA2D-ED0E-49FF-9347-B5EBD9FCEE38}.customConfig|x64.Build.0 = Debug|Any CPU
		{D421DA2D-ED0E-49FF-9347-B5EBD9FCEE38}.customConfig|x86.ActiveCfg = Release|Any CPU
		{D421DA2D-ED0E-49FF-9347-B5EBD9FCEE38}.customConfig|x86.Build.0 = Release|Any CPU
		{D421DA2D-ED0E-49FF-9347-B5EBD9FCEE38}.Debug|Any CPU.ActiveCfg = Debug|Any CPU
		{D421DA2D-ED0E-49FF-9347-B5EBD9FCEE38}.Debug|Any CPU.Build.0 = Debug|Any CPU
		{D421DA2D-ED0E-49FF-9347-B5EBD9FCEE38}.Debug|x64.ActiveCfg = Debug|Any CPU
		{D421DA2D-ED0E-49FF-9347-B5EBD9FCEE38}.Debug|x64.Build.0 = Debug|Any CPU
		{D421DA2D-ED0E-49FF-9347-B5EBD9FCEE38}.Debug|x86.ActiveCfg = Debug|Any CPU
		{D421DA2D-ED0E-49FF-9347-B5EBD9FCEE38}.Debug|x86.Build.0 = Debug|Any CPU
		{D421DA2D-ED0E-49FF-9347-B5EBD9FCEE38}.Release|Any CPU.ActiveCfg = Release|Any CPU
		{D421DA2D-ED0E-49FF-9347-B5EBD9FCEE38}.Release|Any CPU.Build.0 = Release|Any CPU
		{D421DA2D-ED0E-49FF-9347-B5EBD9FCEE38}.Release|x64.ActiveCfg = Release|Any CPU
		{D421DA2D-ED0E-49FF-9347-B5EBD9FCEE38}.Release|x64.Build.0 = Release|Any CPU
		{D421DA2D-ED0E-49FF-9347-B5EBD9FCEE38}.Release|x86.ActiveCfg = Release|Any CPU
		{D421DA2D-ED0E-49FF-9347-B5EBD9FCEE38}.Release|x86.Build.0 = Release|Any CPU
		{D421DA2D-ED0E-49FF-9347-B5EBD9FCEE38}.Remote|Any CPU.ActiveCfg = Release|Any CPU
		{D421DA2D-ED0E-49FF-9347-B5EBD9FCEE38}.Remote|Any CPU.Build.0 = Release|Any CPU
		{D421DA2D-ED0E-49FF-9347-B5EBD9FCEE38}.Remote|x64.ActiveCfg = Release|Any CPU
		{D421DA2D-ED0E-49FF-9347-B5EBD9FCEE38}.Remote|x64.Build.0 = Release|Any CPU
		{D421DA2D-ED0E-49FF-9347-B5EBD9FCEE38}.Remote|x86.ActiveCfg = Release|Any CPU
		{D421DA2D-ED0E-49FF-9347-B5EBD9FCEE38}.Remote|x86.Build.0 = Release|Any CPU
		{6A838254-83E4-4199-8FD1-5A7BCF1B85C6}.customConfig|Any CPU.ActiveCfg = remote|Any CPU
		{6A838254-83E4-4199-8FD1-5A7BCF1B85C6}.customConfig|Any CPU.Build.0 = remote|Any CPU
		{6A838254-83E4-4199-8FD1-5A7BCF1B85C6}.customConfig|x64.ActiveCfg = Release|Any CPU
		{6A838254-83E4-4199-8FD1-5A7BCF1B85C6}.customConfig|x64.Build.0 = Release|Any CPU
		{6A838254-83E4-4199-8FD1-5A7BCF1B85C6}.customConfig|x86.ActiveCfg = remote|x86
		{6A838254-83E4-4199-8FD1-5A7BCF1B85C6}.customConfig|x86.Build.0 = remote|x86
		{6A838254-83E4-4199-8FD1-5A7BCF1B85C6}.Debug|Any CPU.ActiveCfg = Debug|Any CPU
		{6A838254-83E4-4199-8FD1-5A7BCF1B85C6}.Debug|Any CPU.Build.0 = Debug|Any CPU
		{6A838254-83E4-4199-8FD1-5A7BCF1B85C6}.Debug|x64.ActiveCfg = Debug|Any CPU
		{6A838254-83E4-4199-8FD1-5A7BCF1B85C6}.Debug|x64.Build.0 = Debug|Any CPU
		{6A838254-83E4-4199-8FD1-5A7BCF1B85C6}.Debug|x86.ActiveCfg = Debug|x86
		{6A838254-83E4-4199-8FD1-5A7BCF1B85C6}.Debug|x86.Build.0 = Debug|x86
		{6A838254-83E4-4199-8FD1-5A7BCF1B85C6}.Release|Any CPU.ActiveCfg = Release|Any CPU
		{6A838254-83E4-4199-8FD1-5A7BCF1B85C6}.Release|Any CPU.Build.0 = Release|Any CPU
		{6A838254-83E4-4199-8FD1-5A7BCF1B85C6}.Release|x64.ActiveCfg = Release|Any CPU
		{6A838254-83E4-4199-8FD1-5A7BCF1B85C6}.Release|x64.Build.0 = Release|Any CPU
		{6A838254-83E4-4199-8FD1-5A7BCF1B85C6}.Release|x86.ActiveCfg = Release|x86
		{6A838254-83E4-4199-8FD1-5A7BCF1B85C6}.Release|x86.Build.0 = Release|x86
		{6A838254-83E4-4199-8FD1-5A7BCF1B85C6}.Remote|Any CPU.ActiveCfg = remote|Any CPU
		{6A838254-83E4-4199-8FD1-5A7BCF1B85C6}.Remote|Any CPU.Build.0 = remote|Any CPU
		{6A838254-83E4-4199-8FD1-5A7BCF1B85C6}.Remote|x64.ActiveCfg = remote|Any CPU
		{6A838254-83E4-4199-8FD1-5A7BCF1B85C6}.Remote|x64.Build.0 = remote|Any CPU
		{6A838254-83E4-4199-8FD1-5A7BCF1B85C6}.Remote|x86.ActiveCfg = remote|x86
		{6A838254-83E4-4199-8FD1-5A7BCF1B85C6}.Remote|x86.Build.0 = remote|x86
		{B3AFA826-C1C2-4017-8BC7-CF7F62494F60}.customConfig|Any CPU.ActiveCfg = Remote|Any CPU
		{B3AFA826-C1C2-4017-8BC7-CF7F62494F60}.customConfig|Any CPU.Build.0 = Remote|Any CPU
		{B3AFA826-C1C2-4017-8BC7-CF7F62494F60}.customConfig|x64.ActiveCfg = Release|Any CPU
		{B3AFA826-C1C2-4017-8BC7-CF7F62494F60}.customConfig|x64.Build.0 = Release|Any CPU
		{B3AFA826-C1C2-4017-8BC7-CF7F62494F60}.customConfig|x86.ActiveCfg = Remote|x86
		{B3AFA826-C1C2-4017-8BC7-CF7F62494F60}.customConfig|x86.Build.0 = Remote|x86
		{B3AFA826-C1C2-4017-8BC7-CF7F62494F60}.Debug|Any CPU.ActiveCfg = Debug|Any CPU
		{B3AFA826-C1C2-4017-8BC7-CF7F62494F60}.Debug|Any CPU.Build.0 = Debug|Any CPU
		{B3AFA826-C1C2-4017-8BC7-CF7F62494F60}.Debug|x64.ActiveCfg = Debug|Any CPU
		{B3AFA826-C1C2-4017-8BC7-CF7F62494F60}.Debug|x64.Build.0 = Debug|Any CPU
		{B3AFA826-C1C2-4017-8BC7-CF7F62494F60}.Debug|x86.ActiveCfg = Debug|x86
		{B3AFA826-C1C2-4017-8BC7-CF7F62494F60}.Debug|x86.Build.0 = Debug|x86
		{B3AFA826-C1C2-4017-8BC7-CF7F62494F60}.Release|Any CPU.ActiveCfg = Release|Any CPU
		{B3AFA826-C1C2-4017-8BC7-CF7F62494F60}.Release|Any CPU.Build.0 = Release|Any CPU
		{B3AFA826-C1C2-4017-8BC7-CF7F62494F60}.Release|x64.ActiveCfg = Release|Any CPU
		{B3AFA826-C1C2-4017-8BC7-CF7F62494F60}.Release|x64.Build.0 = Release|Any CPU
		{B3AFA826-C1C2-4017-8BC7-CF7F62494F60}.Release|x86.ActiveCfg = Release|x86
		{B3AFA826-C1C2-4017-8BC7-CF7F62494F60}.Release|x86.Build.0 = Release|x86
		{B3AFA826-C1C2-4017-8BC7-CF7F62494F60}.Remote|Any CPU.ActiveCfg = Remote|Any CPU
		{B3AFA826-C1C2-4017-8BC7-CF7F62494F60}.Remote|Any CPU.Build.0 = Remote|Any CPU
		{B3AFA826-C1C2-4017-8BC7-CF7F62494F60}.Remote|x64.ActiveCfg = Remote|Any CPU
		{B3AFA826-C1C2-4017-8BC7-CF7F62494F60}.Remote|x64.Build.0 = Remote|Any CPU
		{B3AFA826-C1C2-4017-8BC7-CF7F62494F60}.Remote|x86.ActiveCfg = Remote|x86
		{B3AFA826-C1C2-4017-8BC7-CF7F62494F60}.Remote|x86.Build.0 = Remote|x86
		{FF1629B6-320B-4F83-B785-0DCAA2DA2A22}.customConfig|Any CPU.ActiveCfg = Release|Any CPU
		{FF1629B6-320B-4F83-B785-0DCAA2DA2A22}.customConfig|Any CPU.Build.0 = Release|Any CPU
		{FF1629B6-320B-4F83-B785-0DCAA2DA2A22}.customConfig|x64.ActiveCfg = Release|Any CPU
		{FF1629B6-320B-4F83-B785-0DCAA2DA2A22}.customConfig|x64.Build.0 = Release|Any CPU
		{FF1629B6-320B-4F83-B785-0DCAA2DA2A22}.customConfig|x86.ActiveCfg = Release|Any CPU
		{FF1629B6-320B-4F83-B785-0DCAA2DA2A22}.customConfig|x86.Build.0 = Release|Any CPU
		{FF1629B6-320B-4F83-B785-0DCAA2DA2A22}.Debug|Any CPU.ActiveCfg = Debug|Any CPU
		{FF1629B6-320B-4F83-B785-0DCAA2DA2A22}.Debug|Any CPU.Build.0 = Debug|Any CPU
		{FF1629B6-320B-4F83-B785-0DCAA2DA2A22}.Debug|x64.ActiveCfg = Debug|Any CPU
		{FF1629B6-320B-4F83-B785-0DCAA2DA2A22}.Debug|x64.Build.0 = Debug|Any CPU
		{FF1629B6-320B-4F83-B785-0DCAA2DA2A22}.Debug|x86.ActiveCfg = Debug|Any CPU
		{FF1629B6-320B-4F83-B785-0DCAA2DA2A22}.Debug|x86.Build.0 = Debug|Any CPU
		{FF1629B6-320B-4F83-B785-0DCAA2DA2A22}.Release|Any CPU.ActiveCfg = Release|Any CPU
		{FF1629B6-320B-4F83-B785-0DCAA2DA2A22}.Release|Any CPU.Build.0 = Release|Any CPU
		{FF1629B6-320B-4F83-B785-0DCAA2DA2A22}.Release|x64.ActiveCfg = Release|Any CPU
		{FF1629B6-320B-4F83-B785-0DCAA2DA2A22}.Release|x64.Build.0 = Release|Any CPU
		{FF1629B6-320B-4F83-B785-0DCAA2DA2A22}.Release|x86.ActiveCfg = Release|Any CPU
		{FF1629B6-320B-4F83-B785-0DCAA2DA2A22}.Release|x86.Build.0 = Release|Any CPU
		{FF1629B6-320B-4F83-B785-0DCAA2DA2A22}.Remote|Any CPU.ActiveCfg = Release|Any CPU
		{FF1629B6-320B-4F83-B785-0DCAA2DA2A22}.Remote|Any CPU.Build.0 = Release|Any CPU
		{FF1629B6-320B-4F83-B785-0DCAA2DA2A22}.Remote|x64.ActiveCfg = Release|Any CPU
		{FF1629B6-320B-4F83-B785-0DCAA2DA2A22}.Remote|x64.Build.0 = Release|Any CPU
		{FF1629B6-320B-4F83-B785-0DCAA2DA2A22}.Remote|x86.ActiveCfg = Release|Any CPU
		{FF1629B6-320B-4F83-B785-0DCAA2DA2A22}.Remote|x86.Build.0 = Release|Any CPU
		{055C6F93-F112-4368-BF35-DFC3767669FC}.customConfig|Any CPU.ActiveCfg = Release|Any CPU
		{055C6F93-F112-4368-BF35-DFC3767669FC}.customConfig|Any CPU.Build.0 = Release|Any CPU
		{055C6F93-F112-4368-BF35-DFC3767669FC}.customConfig|x64.ActiveCfg = Release|Any CPU
		{055C6F93-F112-4368-BF35-DFC3767669FC}.customConfig|x64.Build.0 = Release|Any CPU
		{055C6F93-F112-4368-BF35-DFC3767669FC}.customConfig|x86.ActiveCfg = Release|Any CPU
		{055C6F93-F112-4368-BF35-DFC3767669FC}.customConfig|x86.Build.0 = Release|Any CPU
		{055C6F93-F112-4368-BF35-DFC3767669FC}.Debug|Any CPU.ActiveCfg = Debug|Any CPU
		{055C6F93-F112-4368-BF35-DFC3767669FC}.Debug|Any CPU.Build.0 = Debug|Any CPU
		{055C6F93-F112-4368-BF35-DFC3767669FC}.Debug|x64.ActiveCfg = Debug|Any CPU
		{055C6F93-F112-4368-BF35-DFC3767669FC}.Debug|x64.Build.0 = Debug|Any CPU
		{055C6F93-F112-4368-BF35-DFC3767669FC}.Debug|x86.ActiveCfg = Debug|Any CPU
		{055C6F93-F112-4368-BF35-DFC3767669FC}.Debug|x86.Build.0 = Debug|Any CPU
		{055C6F93-F112-4368-BF35-DFC3767669FC}.Release|Any CPU.ActiveCfg = Release|Any CPU
		{055C6F93-F112-4368-BF35-DFC3767669FC}.Release|Any CPU.Build.0 = Release|Any CPU
		{055C6F93-F112-4368-BF35-DFC3767669FC}.Release|x64.ActiveCfg = Release|Any CPU
		{055C6F93-F112-4368-BF35-DFC3767669FC}.Release|x64.Build.0 = Release|Any CPU
		{055C6F93-F112-4368-BF35-DFC3767669FC}.Release|x86.ActiveCfg = Release|Any CPU
		{055C6F93-F112-4368-BF35-DFC3767669FC}.Release|x86.Build.0 = Release|Any CPU
		{055C6F93-F112-4368-BF35-DFC3767669FC}.Remote|Any CPU.ActiveCfg = Release|Any CPU
		{055C6F93-F112-4368-BF35-DFC3767669FC}.Remote|Any CPU.Build.0 = Release|Any CPU
		{055C6F93-F112-4368-BF35-DFC3767669FC}.Remote|x64.ActiveCfg = Release|Any CPU
		{055C6F93-F112-4368-BF35-DFC3767669FC}.Remote|x64.Build.0 = Release|Any CPU
		{055C6F93-F112-4368-BF35-DFC3767669FC}.Remote|x86.ActiveCfg = Release|Any CPU
		{055C6F93-F112-4368-BF35-DFC3767669FC}.Remote|x86.Build.0 = Release|Any CPU
		{E90B6217-83E7-48A4-9729-C38031A5BD73}.customConfig|Any CPU.ActiveCfg = Release|Any CPU
		{E90B6217-83E7-48A4-9729-C38031A5BD73}.customConfig|Any CPU.Build.0 = Release|Any CPU
		{E90B6217-83E7-48A4-9729-C38031A5BD73}.customConfig|x64.ActiveCfg = Release|Any CPU
		{E90B6217-83E7-48A4-9729-C38031A5BD73}.customConfig|x64.Build.0 = Release|Any CPU
		{E90B6217-83E7-48A4-9729-C38031A5BD73}.customConfig|x86.ActiveCfg = Release|Any CPU
		{E90B6217-83E7-48A4-9729-C38031A5BD73}.customConfig|x86.Build.0 = Release|Any CPU
		{E90B6217-83E7-48A4-9729-C38031A5BD73}.Debug|Any CPU.ActiveCfg = Debug|Any CPU
		{E90B6217-83E7-48A4-9729-C38031A5BD73}.Debug|Any CPU.Build.0 = Debug|Any CPU
		{E90B6217-83E7-48A4-9729-C38031A5BD73}.Debug|x64.ActiveCfg = Debug|Any CPU
		{E90B6217-83E7-48A4-9729-C38031A5BD73}.Debug|x64.Build.0 = Debug|Any CPU
		{E90B6217-83E7-48A4-9729-C38031A5BD73}.Debug|x86.ActiveCfg = Debug|Any CPU
		{E90B6217-83E7-48A4-9729-C38031A5BD73}.Debug|x86.Build.0 = Debug|Any CPU
		{E90B6217-83E7-48A4-9729-C38031A5BD73}.Release|Any CPU.ActiveCfg = Release|Any CPU
		{E90B6217-83E7-48A4-9729-C38031A5BD73}.Release|Any CPU.Build.0 = Release|Any CPU
		{E90B6217-83E7-48A4-9729-C38031A5BD73}.Release|x64.ActiveCfg = Release|Any CPU
		{E90B6217-83E7-48A4-9729-C38031A5BD73}.Release|x64.Build.0 = Release|Any CPU
		{E90B6217-83E7-48A4-9729-C38031A5BD73}.Release|x86.ActiveCfg = Release|Any CPU
		{E90B6217-83E7-48A4-9729-C38031A5BD73}.Release|x86.Build.0 = Release|Any CPU
		{E90B6217-83E7-48A4-9729-C38031A5BD73}.Remote|Any CPU.ActiveCfg = Release|Any CPU
		{E90B6217-83E7-48A4-9729-C38031A5BD73}.Remote|Any CPU.Build.0 = Release|Any CPU
		{E90B6217-83E7-48A4-9729-C38031A5BD73}.Remote|x64.ActiveCfg = Release|Any CPU
		{E90B6217-83E7-48A4-9729-C38031A5BD73}.Remote|x64.Build.0 = Release|Any CPU
		{E90B6217-83E7-48A4-9729-C38031A5BD73}.Remote|x86.ActiveCfg = Release|Any CPU
		{E90B6217-83E7-48A4-9729-C38031A5BD73}.Remote|x86.Build.0 = Release|Any CPU
		{344464CB-4F0E-48BA-BD04-7AEF6FC1281E}.customConfig|Any CPU.ActiveCfg = Release|Any CPU
		{344464CB-4F0E-48BA-BD04-7AEF6FC1281E}.customConfig|Any CPU.Build.0 = Release|Any CPU
		{344464CB-4F0E-48BA-BD04-7AEF6FC1281E}.customConfig|x64.ActiveCfg = Release|Any CPU
		{344464CB-4F0E-48BA-BD04-7AEF6FC1281E}.customConfig|x64.Build.0 = Release|Any CPU
		{344464CB-4F0E-48BA-BD04-7AEF6FC1281E}.customConfig|x86.ActiveCfg = Release|Any CPU
		{344464CB-4F0E-48BA-BD04-7AEF6FC1281E}.customConfig|x86.Build.0 = Release|Any CPU
		{344464CB-4F0E-48BA-BD04-7AEF6FC1281E}.Debug|Any CPU.ActiveCfg = Debug|Any CPU
		{344464CB-4F0E-48BA-BD04-7AEF6FC1281E}.Debug|Any CPU.Build.0 = Debug|Any CPU
		{344464CB-4F0E-48BA-BD04-7AEF6FC1281E}.Debug|x64.ActiveCfg = Debug|Any CPU
		{344464CB-4F0E-48BA-BD04-7AEF6FC1281E}.Debug|x64.Build.0 = Debug|Any CPU
		{344464CB-4F0E-48BA-BD04-7AEF6FC1281E}.Debug|x86.ActiveCfg = Debug|Any CPU
		{344464CB-4F0E-48BA-BD04-7AEF6FC1281E}.Debug|x86.Build.0 = Debug|Any CPU
		{344464CB-4F0E-48BA-BD04-7AEF6FC1281E}.Release|Any CPU.ActiveCfg = Release|Any CPU
		{344464CB-4F0E-48BA-BD04-7AEF6FC1281E}.Release|Any CPU.Build.0 = Release|Any CPU
		{344464CB-4F0E-48BA-BD04-7AEF6FC1281E}.Release|x64.ActiveCfg = Release|Any CPU
		{344464CB-4F0E-48BA-BD04-7AEF6FC1281E}.Release|x64.Build.0 = Release|Any CPU
		{344464CB-4F0E-48BA-BD04-7AEF6FC1281E}.Release|x86.ActiveCfg = Release|Any CPU
		{344464CB-4F0E-48BA-BD04-7AEF6FC1281E}.Release|x86.Build.0 = Release|Any CPU
		{344464CB-4F0E-48BA-BD04-7AEF6FC1281E}.Remote|Any CPU.ActiveCfg = Release|Any CPU
		{344464CB-4F0E-48BA-BD04-7AEF6FC1281E}.Remote|Any CPU.Build.0 = Release|Any CPU
		{344464CB-4F0E-48BA-BD04-7AEF6FC1281E}.Remote|x64.ActiveCfg = Release|Any CPU
		{344464CB-4F0E-48BA-BD04-7AEF6FC1281E}.Remote|x64.Build.0 = Release|Any CPU
		{344464CB-4F0E-48BA-BD04-7AEF6FC1281E}.Remote|x86.ActiveCfg = Release|Any CPU
		{344464CB-4F0E-48BA-BD04-7AEF6FC1281E}.Remote|x86.Build.0 = Release|Any CPU
		{EB58D98D-4D91-49D9-B75E-0379EB5ED547}.customConfig|Any CPU.ActiveCfg = Release|Any CPU
		{EB58D98D-4D91-49D9-B75E-0379EB5ED547}.customConfig|Any CPU.Build.0 = Release|Any CPU
		{EB58D98D-4D91-49D9-B75E-0379EB5ED547}.customConfig|x64.ActiveCfg = Release|Any CPU
		{EB58D98D-4D91-49D9-B75E-0379EB5ED547}.customConfig|x64.Build.0 = Release|Any CPU
		{EB58D98D-4D91-49D9-B75E-0379EB5ED547}.customConfig|x86.ActiveCfg = Release|Any CPU
		{EB58D98D-4D91-49D9-B75E-0379EB5ED547}.customConfig|x86.Build.0 = Release|Any CPU
		{EB58D98D-4D91-49D9-B75E-0379EB5ED547}.Debug|Any CPU.ActiveCfg = Debug|Any CPU
		{EB58D98D-4D91-49D9-B75E-0379EB5ED547}.Debug|Any CPU.Build.0 = Debug|Any CPU
		{EB58D98D-4D91-49D9-B75E-0379EB5ED547}.Debug|x64.ActiveCfg = Debug|Any CPU
		{EB58D98D-4D91-49D9-B75E-0379EB5ED547}.Debug|x64.Build.0 = Debug|Any CPU
		{EB58D98D-4D91-49D9-B75E-0379EB5ED547}.Debug|x86.ActiveCfg = Debug|Any CPU
		{EB58D98D-4D91-49D9-B75E-0379EB5ED547}.Debug|x86.Build.0 = Debug|Any CPU
		{EB58D98D-4D91-49D9-B75E-0379EB5ED547}.Release|Any CPU.ActiveCfg = Release|Any CPU
		{EB58D98D-4D91-49D9-B75E-0379EB5ED547}.Release|Any CPU.Build.0 = Release|Any CPU
		{EB58D98D-4D91-49D9-B75E-0379EB5ED547}.Release|x64.ActiveCfg = Release|Any CPU
		{EB58D98D-4D91-49D9-B75E-0379EB5ED547}.Release|x64.Build.0 = Release|Any CPU
		{EB58D98D-4D91-49D9-B75E-0379EB5ED547}.Release|x86.ActiveCfg = Release|Any CPU
		{EB58D98D-4D91-49D9-B75E-0379EB5ED547}.Release|x86.Build.0 = Release|Any CPU
		{EB58D98D-4D91-49D9-B75E-0379EB5ED547}.Remote|Any CPU.ActiveCfg = Release|Any CPU
		{EB58D98D-4D91-49D9-B75E-0379EB5ED547}.Remote|Any CPU.Build.0 = Release|Any CPU
		{EB58D98D-4D91-49D9-B75E-0379EB5ED547}.Remote|x64.ActiveCfg = Release|Any CPU
		{EB58D98D-4D91-49D9-B75E-0379EB5ED547}.Remote|x64.Build.0 = Release|Any CPU
		{EB58D98D-4D91-49D9-B75E-0379EB5ED547}.Remote|x86.ActiveCfg = Release|Any CPU
		{EB58D98D-4D91-49D9-B75E-0379EB5ED547}.Remote|x86.Build.0 = Release|Any CPU
		{78204DE0-18F7-43DD-A811-87E4F9AF80E2}.customConfig|Any CPU.ActiveCfg = Release|Any CPU
		{78204DE0-18F7-43DD-A811-87E4F9AF80E2}.customConfig|Any CPU.Build.0 = Release|Any CPU
		{78204DE0-18F7-43DD-A811-87E4F9AF80E2}.customConfig|x64.ActiveCfg = Release|Any CPU
		{78204DE0-18F7-43DD-A811-87E4F9AF80E2}.customConfig|x64.Build.0 = Release|Any CPU
		{78204DE0-18F7-43DD-A811-87E4F9AF80E2}.customConfig|x86.ActiveCfg = Release|Any CPU
		{78204DE0-18F7-43DD-A811-87E4F9AF80E2}.customConfig|x86.Build.0 = Release|Any CPU
		{78204DE0-18F7-43DD-A811-87E4F9AF80E2}.Debug|Any CPU.ActiveCfg = Debug|Any CPU
		{78204DE0-18F7-43DD-A811-87E4F9AF80E2}.Debug|Any CPU.Build.0 = Debug|Any CPU
		{78204DE0-18F7-43DD-A811-87E4F9AF80E2}.Debug|x64.ActiveCfg = Debug|Any CPU
		{78204DE0-18F7-43DD-A811-87E4F9AF80E2}.Debug|x64.Build.0 = Debug|Any CPU
		{78204DE0-18F7-43DD-A811-87E4F9AF80E2}.Debug|x86.ActiveCfg = Debug|Any CPU
		{78204DE0-18F7-43DD-A811-87E4F9AF80E2}.Debug|x86.Build.0 = Debug|Any CPU
		{78204DE0-18F7-43DD-A811-87E4F9AF80E2}.Release|Any CPU.ActiveCfg = Release|Any CPU
		{78204DE0-18F7-43DD-A811-87E4F9AF80E2}.Release|Any CPU.Build.0 = Release|Any CPU
		{78204DE0-18F7-43DD-A811-87E4F9AF80E2}.Release|x64.ActiveCfg = Release|Any CPU
		{78204DE0-18F7-43DD-A811-87E4F9AF80E2}.Release|x64.Build.0 = Release|Any CPU
		{78204DE0-18F7-43DD-A811-87E4F9AF80E2}.Release|x86.ActiveCfg = Release|Any CPU
		{78204DE0-18F7-43DD-A811-87E4F9AF80E2}.Release|x86.Build.0 = Release|Any CPU
		{78204DE0-18F7-43DD-A811-87E4F9AF80E2}.Remote|Any CPU.ActiveCfg = Release|Any CPU
		{78204DE0-18F7-43DD-A811-87E4F9AF80E2}.Remote|Any CPU.Build.0 = Release|Any CPU
		{78204DE0-18F7-43DD-A811-87E4F9AF80E2}.Remote|x64.ActiveCfg = Release|Any CPU
		{78204DE0-18F7-43DD-A811-87E4F9AF80E2}.Remote|x64.Build.0 = Release|Any CPU
		{78204DE0-18F7-43DD-A811-87E4F9AF80E2}.Remote|x86.ActiveCfg = Release|Any CPU
		{78204DE0-18F7-43DD-A811-87E4F9AF80E2}.Remote|x86.Build.0 = Release|Any CPU
		{B4FE105E-C607-40DC-A86B-AED03E14D18D}.customConfig|Any CPU.ActiveCfg = Release|x64
		{B4FE105E-C607-40DC-A86B-AED03E14D18D}.customConfig|Any CPU.Build.0 = Release|x64
		{B4FE105E-C607-40DC-A86B-AED03E14D18D}.customConfig|x64.ActiveCfg = Release|x64
		{B4FE105E-C607-40DC-A86B-AED03E14D18D}.customConfig|x64.Build.0 = Release|x64
		{B4FE105E-C607-40DC-A86B-AED03E14D18D}.customConfig|x86.ActiveCfg = Release|Win32
		{B4FE105E-C607-40DC-A86B-AED03E14D18D}.customConfig|x86.Build.0 = Release|Win32
		{B4FE105E-C607-40DC-A86B-AED03E14D18D}.Debug|Any CPU.ActiveCfg = Debug|Win32
		{B4FE105E-C607-40DC-A86B-AED03E14D18D}.Debug|x64.ActiveCfg = Debug|x64
		{B4FE105E-C607-40DC-A86B-AED03E14D18D}.Debug|x64.Build.0 = Debug|x64
		{B4FE105E-C607-40DC-A86B-AED03E14D18D}.Debug|x86.ActiveCfg = Debug|Win32
		{B4FE105E-C607-40DC-A86B-AED03E14D18D}.Debug|x86.Build.0 = Debug|Win32
		{B4FE105E-C607-40DC-A86B-AED03E14D18D}.Release|Any CPU.ActiveCfg = Release|Win32
		{B4FE105E-C607-40DC-A86B-AED03E14D18D}.Release|x64.ActiveCfg = Release|x64
		{B4FE105E-C607-40DC-A86B-AED03E14D18D}.Release|x64.Build.0 = Release|x64
		{B4FE105E-C607-40DC-A86B-AED03E14D18D}.Release|x86.ActiveCfg = Release|Win32
		{B4FE105E-C607-40DC-A86B-AED03E14D18D}.Release|x86.Build.0 = Release|Win32
		{B4FE105E-C607-40DC-A86B-AED03E14D18D}.Remote|Any CPU.ActiveCfg = Release|x64
		{B4FE105E-C607-40DC-A86B-AED03E14D18D}.Remote|Any CPU.Build.0 = Release|x64
		{B4FE105E-C607-40DC-A86B-AED03E14D18D}.Remote|x64.ActiveCfg = Release|x64
		{B4FE105E-C607-40DC-A86B-AED03E14D18D}.Remote|x64.Build.0 = Release|x64
		{B4FE105E-C607-40DC-A86B-AED03E14D18D}.Remote|x86.ActiveCfg = Release|Win32
		{B4FE105E-C607-40DC-A86B-AED03E14D18D}.Remote|x86.Build.0 = Release|Win32
		{94E65CA6-5138-4648-909C-4C751680FA85}.customConfig|Any CPU.ActiveCfg = Release|Any CPU
		{94E65CA6-5138-4648-909C-4C751680FA85}.customConfig|Any CPU.Build.0 = Release|Any CPU
		{94E65CA6-5138-4648-909C-4C751680FA85}.customConfig|x64.ActiveCfg = Release|Any CPU
		{94E65CA6-5138-4648-909C-4C751680FA85}.customConfig|x64.Build.0 = Release|Any CPU
		{94E65CA6-5138-4648-909C-4C751680FA85}.customConfig|x86.ActiveCfg = Release|Any CPU
		{94E65CA6-5138-4648-909C-4C751680FA85}.customConfig|x86.Build.0 = Release|Any CPU
		{94E65CA6-5138-4648-909C-4C751680FA85}.Debug|Any CPU.ActiveCfg = Debug|Any CPU
		{94E65CA6-5138-4648-909C-4C751680FA85}.Debug|Any CPU.Build.0 = Debug|Any CPU
		{94E65CA6-5138-4648-909C-4C751680FA85}.Debug|x64.ActiveCfg = Debug|Any CPU
		{94E65CA6-5138-4648-909C-4C751680FA85}.Debug|x64.Build.0 = Debug|Any CPU
		{94E65CA6-5138-4648-909C-4C751680FA85}.Debug|x86.ActiveCfg = Debug|Any CPU
		{94E65CA6-5138-4648-909C-4C751680FA85}.Debug|x86.Build.0 = Debug|Any CPU
		{94E65CA6-5138-4648-909C-4C751680FA85}.Release|Any CPU.ActiveCfg = Release|Any CPU
		{94E65CA6-5138-4648-909C-4C751680FA85}.Release|Any CPU.Build.0 = Release|Any CPU
		{94E65CA6-5138-4648-909C-4C751680FA85}.Release|x64.ActiveCfg = Release|Any CPU
		{94E65CA6-5138-4648-909C-4C751680FA85}.Release|x64.Build.0 = Release|Any CPU
		{94E65CA6-5138-4648-909C-4C751680FA85}.Release|x86.ActiveCfg = Release|Any CPU
		{94E65CA6-5138-4648-909C-4C751680FA85}.Release|x86.Build.0 = Release|Any CPU
		{94E65CA6-5138-4648-909C-4C751680FA85}.Remote|Any CPU.ActiveCfg = Release|Any CPU
		{94E65CA6-5138-4648-909C-4C751680FA85}.Remote|Any CPU.Build.0 = Release|Any CPU
		{94E65CA6-5138-4648-909C-4C751680FA85}.Remote|x64.ActiveCfg = Release|Any CPU
		{94E65CA6-5138-4648-909C-4C751680FA85}.Remote|x64.Build.0 = Release|Any CPU
		{94E65CA6-5138-4648-909C-4C751680FA85}.Remote|x86.ActiveCfg = Release|Any CPU
		{94E65CA6-5138-4648-909C-4C751680FA85}.Remote|x86.Build.0 = Release|Any CPU
		{F13F4318-3CB8-4FEC-A697-AD7D9AE2A3AE}.customConfig|Any CPU.ActiveCfg = Release|Any CPU
		{F13F4318-3CB8-4FEC-A697-AD7D9AE2A3AE}.customConfig|Any CPU.Build.0 = Release|Any CPU
		{F13F4318-3CB8-4FEC-A697-AD7D9AE2A3AE}.customConfig|x64.ActiveCfg = Release|Any CPU
		{F13F4318-3CB8-4FEC-A697-AD7D9AE2A3AE}.customConfig|x64.Build.0 = Release|Any CPU
		{F13F4318-3CB8-4FEC-A697-AD7D9AE2A3AE}.customConfig|x86.ActiveCfg = Release|Any CPU
		{F13F4318-3CB8-4FEC-A697-AD7D9AE2A3AE}.customConfig|x86.Build.0 = Release|Any CPU
		{F13F4318-3CB8-4FEC-A697-AD7D9AE2A3AE}.Debug|Any CPU.ActiveCfg = Debug|Any CPU
		{F13F4318-3CB8-4FEC-A697-AD7D9AE2A3AE}.Debug|Any CPU.Build.0 = Debug|Any CPU
		{F13F4318-3CB8-4FEC-A697-AD7D9AE2A3AE}.Debug|x64.ActiveCfg = Debug|Any CPU
		{F13F4318-3CB8-4FEC-A697-AD7D9AE2A3AE}.Debug|x64.Build.0 = Debug|Any CPU
		{F13F4318-3CB8-4FEC-A697-AD7D9AE2A3AE}.Debug|x86.ActiveCfg = Debug|Any CPU
		{F13F4318-3CB8-4FEC-A697-AD7D9AE2A3AE}.Debug|x86.Build.0 = Debug|Any CPU
		{F13F4318-3CB8-4FEC-A697-AD7D9AE2A3AE}.Release|Any CPU.ActiveCfg = Release|Any CPU
		{F13F4318-3CB8-4FEC-A697-AD7D9AE2A3AE}.Release|Any CPU.Build.0 = Release|Any CPU
		{F13F4318-3CB8-4FEC-A697-AD7D9AE2A3AE}.Release|x64.ActiveCfg = Release|Any CPU
		{F13F4318-3CB8-4FEC-A697-AD7D9AE2A3AE}.Release|x64.Build.0 = Release|Any CPU
		{F13F4318-3CB8-4FEC-A697-AD7D9AE2A3AE}.Release|x86.ActiveCfg = Release|Any CPU
		{F13F4318-3CB8-4FEC-A697-AD7D9AE2A3AE}.Release|x86.Build.0 = Release|Any CPU
		{F13F4318-3CB8-4FEC-A697-AD7D9AE2A3AE}.Remote|Any CPU.ActiveCfg = Release|Any CPU
		{F13F4318-3CB8-4FEC-A697-AD7D9AE2A3AE}.Remote|Any CPU.Build.0 = Release|Any CPU
		{F13F4318-3CB8-4FEC-A697-AD7D9AE2A3AE}.Remote|x64.ActiveCfg = Release|Any CPU
		{F13F4318-3CB8-4FEC-A697-AD7D9AE2A3AE}.Remote|x64.Build.0 = Release|Any CPU
		{F13F4318-3CB8-4FEC-A697-AD7D9AE2A3AE}.Remote|x86.ActiveCfg = Release|Any CPU
		{F13F4318-3CB8-4FEC-A697-AD7D9AE2A3AE}.Remote|x86.Build.0 = Release|Any CPU
		{E39F50F9-B040-44E3-A1E5-7394E2D40598}.customConfig|Any CPU.ActiveCfg = Release|Any CPU
		{E39F50F9-B040-44E3-A1E5-7394E2D40598}.customConfig|Any CPU.Build.0 = Release|Any CPU
		{E39F50F9-B040-44E3-A1E5-7394E2D40598}.customConfig|x64.ActiveCfg = Release|Any CPU
		{E39F50F9-B040-44E3-A1E5-7394E2D40598}.customConfig|x64.Build.0 = Release|Any CPU
		{E39F50F9-B040-44E3-A1E5-7394E2D40598}.customConfig|x86.ActiveCfg = Release|Any CPU
		{E39F50F9-B040-44E3-A1E5-7394E2D40598}.customConfig|x86.Build.0 = Release|Any CPU
		{E39F50F9-B040-44E3-A1E5-7394E2D40598}.Debug|Any CPU.ActiveCfg = Debug|Any CPU
		{E39F50F9-B040-44E3-A1E5-7394E2D40598}.Debug|Any CPU.Build.0 = Debug|Any CPU
		{E39F50F9-B040-44E3-A1E5-7394E2D40598}.Debug|x64.ActiveCfg = Debug|Any CPU
		{E39F50F9-B040-44E3-A1E5-7394E2D40598}.Debug|x64.Build.0 = Debug|Any CPU
		{E39F50F9-B040-44E3-A1E5-7394E2D40598}.Debug|x86.ActiveCfg = Debug|Any CPU
		{E39F50F9-B040-44E3-A1E5-7394E2D40598}.Debug|x86.Build.0 = Debug|Any CPU
		{E39F50F9-B040-44E3-A1E5-7394E2D40598}.Release|Any CPU.ActiveCfg = Release|Any CPU
		{E39F50F9-B040-44E3-A1E5-7394E2D40598}.Release|Any CPU.Build.0 = Release|Any CPU
		{E39F50F9-B040-44E3-A1E5-7394E2D40598}.Release|x64.ActiveCfg = Release|Any CPU
		{E39F50F9-B040-44E3-A1E5-7394E2D40598}.Release|x64.Build.0 = Release|Any CPU
		{E39F50F9-B040-44E3-A1E5-7394E2D40598}.Release|x86.ActiveCfg = Release|Any CPU
		{E39F50F9-B040-44E3-A1E5-7394E2D40598}.Release|x86.Build.0 = Release|Any CPU
		{E39F50F9-B040-44E3-A1E5-7394E2D40598}.Remote|Any CPU.ActiveCfg = Release|Any CPU
		{E39F50F9-B040-44E3-A1E5-7394E2D40598}.Remote|Any CPU.Build.0 = Release|Any CPU
		{E39F50F9-B040-44E3-A1E5-7394E2D40598}.Remote|x64.ActiveCfg = Release|Any CPU
		{E39F50F9-B040-44E3-A1E5-7394E2D40598}.Remote|x64.Build.0 = Release|Any CPU
		{E39F50F9-B040-44E3-A1E5-7394E2D40598}.Remote|x86.ActiveCfg = Release|Any CPU
		{E39F50F9-B040-44E3-A1E5-7394E2D40598}.Remote|x86.Build.0 = Release|Any CPU
		{C9824622-1ACA-4C5B-A581-3E7B5AF88C7D}.customConfig|Any CPU.ActiveCfg = Release|Any CPU
		{C9824622-1ACA-4C5B-A581-3E7B5AF88C7D}.customConfig|Any CPU.Build.0 = Release|Any CPU
		{C9824622-1ACA-4C5B-A581-3E7B5AF88C7D}.customConfig|x64.ActiveCfg = Release|Any CPU
		{C9824622-1ACA-4C5B-A581-3E7B5AF88C7D}.customConfig|x64.Build.0 = Release|Any CPU
		{C9824622-1ACA-4C5B-A581-3E7B5AF88C7D}.customConfig|x86.ActiveCfg = Release|Any CPU
		{C9824622-1ACA-4C5B-A581-3E7B5AF88C7D}.customConfig|x86.Build.0 = Release|Any CPU
		{C9824622-1ACA-4C5B-A581-3E7B5AF88C7D}.Debug|Any CPU.ActiveCfg = Debug|Any CPU
		{C9824622-1ACA-4C5B-A581-3E7B5AF88C7D}.Debug|Any CPU.Build.0 = Debug|Any CPU
		{C9824622-1ACA-4C5B-A581-3E7B5AF88C7D}.Debug|x64.ActiveCfg = Debug|Any CPU
		{C9824622-1ACA-4C5B-A581-3E7B5AF88C7D}.Debug|x64.Build.0 = Debug|Any CPU
		{C9824622-1ACA-4C5B-A581-3E7B5AF88C7D}.Debug|x86.ActiveCfg = Debug|Any CPU
		{C9824622-1ACA-4C5B-A581-3E7B5AF88C7D}.Debug|x86.Build.0 = Debug|Any CPU
		{C9824622-1ACA-4C5B-A581-3E7B5AF88C7D}.Release|Any CPU.ActiveCfg = Release|Any CPU
		{C9824622-1ACA-4C5B-A581-3E7B5AF88C7D}.Release|Any CPU.Build.0 = Release|Any CPU
		{C9824622-1ACA-4C5B-A581-3E7B5AF88C7D}.Release|x64.ActiveCfg = Release|Any CPU
		{C9824622-1ACA-4C5B-A581-3E7B5AF88C7D}.Release|x64.Build.0 = Release|Any CPU
		{C9824622-1ACA-4C5B-A581-3E7B5AF88C7D}.Release|x86.ActiveCfg = Release|Any CPU
		{C9824622-1ACA-4C5B-A581-3E7B5AF88C7D}.Release|x86.Build.0 = Release|Any CPU
		{C9824622-1ACA-4C5B-A581-3E7B5AF88C7D}.Remote|Any CPU.ActiveCfg = Release|Any CPU
		{C9824622-1ACA-4C5B-A581-3E7B5AF88C7D}.Remote|Any CPU.Build.0 = Release|Any CPU
		{C9824622-1ACA-4C5B-A581-3E7B5AF88C7D}.Remote|x64.ActiveCfg = Release|Any CPU
		{C9824622-1ACA-4C5B-A581-3E7B5AF88C7D}.Remote|x64.Build.0 = Release|Any CPU
		{C9824622-1ACA-4C5B-A581-3E7B5AF88C7D}.Remote|x86.ActiveCfg = Release|Any CPU
		{C9824622-1ACA-4C5B-A581-3E7B5AF88C7D}.Remote|x86.Build.0 = Release|Any CPU
		{8B47DA25-6289-4F16-BD83-2C1EDB947655}.customConfig|Any CPU.ActiveCfg = Release|Any CPU
		{8B47DA25-6289-4F16-BD83-2C1EDB947655}.customConfig|Any CPU.Build.0 = Release|Any CPU
		{8B47DA25-6289-4F16-BD83-2C1EDB947655}.customConfig|x64.ActiveCfg = Release|Any CPU
		{8B47DA25-6289-4F16-BD83-2C1EDB947655}.customConfig|x64.Build.0 = Release|Any CPU
		{8B47DA25-6289-4F16-BD83-2C1EDB947655}.customConfig|x86.ActiveCfg = Release|Any CPU
		{8B47DA25-6289-4F16-BD83-2C1EDB947655}.customConfig|x86.Build.0 = Release|Any CPU
		{8B47DA25-6289-4F16-BD83-2C1EDB947655}.Debug|Any CPU.ActiveCfg = Debug|Any CPU
		{8B47DA25-6289-4F16-BD83-2C1EDB947655}.Debug|Any CPU.Build.0 = Debug|Any CPU
		{8B47DA25-6289-4F16-BD83-2C1EDB947655}.Debug|x64.ActiveCfg = Debug|Any CPU
		{8B47DA25-6289-4F16-BD83-2C1EDB947655}.Debug|x64.Build.0 = Debug|Any CPU
		{8B47DA25-6289-4F16-BD83-2C1EDB947655}.Debug|x86.ActiveCfg = Debug|Any CPU
		{8B47DA25-6289-4F16-BD83-2C1EDB947655}.Debug|x86.Build.0 = Debug|Any CPU
		{8B47DA25-6289-4F16-BD83-2C1EDB947655}.Release|Any CPU.ActiveCfg = Release|Any CPU
		{8B47DA25-6289-4F16-BD83-2C1EDB947655}.Release|Any CPU.Build.0 = Release|Any CPU
		{8B47DA25-6289-4F16-BD83-2C1EDB947655}.Release|x64.ActiveCfg = Release|Any CPU
		{8B47DA25-6289-4F16-BD83-2C1EDB947655}.Release|x64.Build.0 = Release|Any CPU
		{8B47DA25-6289-4F16-BD83-2C1EDB947655}.Release|x86.ActiveCfg = Release|Any CPU
		{8B47DA25-6289-4F16-BD83-2C1EDB947655}.Release|x86.Build.0 = Release|Any CPU
		{8B47DA25-6289-4F16-BD83-2C1EDB947655}.Remote|Any CPU.ActiveCfg = Release|Any CPU
		{8B47DA25-6289-4F16-BD83-2C1EDB947655}.Remote|Any CPU.Build.0 = Release|Any CPU
		{8B47DA25-6289-4F16-BD83-2C1EDB947655}.Remote|x64.ActiveCfg = Release|Any CPU
		{8B47DA25-6289-4F16-BD83-2C1EDB947655}.Remote|x64.Build.0 = Release|Any CPU
		{8B47DA25-6289-4F16-BD83-2C1EDB947655}.Remote|x86.ActiveCfg = Release|Any CPU
		{8B47DA25-6289-4F16-BD83-2C1EDB947655}.Remote|x86.Build.0 = Release|Any CPU
		{C68C0255-2B33-49F4-B560-EBEE95CFA813}.customConfig|Any CPU.ActiveCfg = Release|Any CPU
		{C68C0255-2B33-49F4-B560-EBEE95CFA813}.customConfig|Any CPU.Build.0 = Release|Any CPU
		{C68C0255-2B33-49F4-B560-EBEE95CFA813}.customConfig|x64.ActiveCfg = Release|Any CPU
		{C68C0255-2B33-49F4-B560-EBEE95CFA813}.customConfig|x64.Build.0 = Release|Any CPU
		{C68C0255-2B33-49F4-B560-EBEE95CFA813}.customConfig|x86.ActiveCfg = Release|Any CPU
		{C68C0255-2B33-49F4-B560-EBEE95CFA813}.customConfig|x86.Build.0 = Release|Any CPU
		{C68C0255-2B33-49F4-B560-EBEE95CFA813}.Debug|Any CPU.ActiveCfg = Debug|Any CPU
		{C68C0255-2B33-49F4-B560-EBEE95CFA813}.Debug|Any CPU.Build.0 = Debug|Any CPU
		{C68C0255-2B33-49F4-B560-EBEE95CFA813}.Debug|x64.ActiveCfg = Debug|Any CPU
		{C68C0255-2B33-49F4-B560-EBEE95CFA813}.Debug|x64.Build.0 = Debug|Any CPU
		{C68C0255-2B33-49F4-B560-EBEE95CFA813}.Debug|x86.ActiveCfg = Debug|Any CPU
		{C68C0255-2B33-49F4-B560-EBEE95CFA813}.Debug|x86.Build.0 = Debug|Any CPU
		{C68C0255-2B33-49F4-B560-EBEE95CFA813}.Release|Any CPU.ActiveCfg = Release|Any CPU
		{C68C0255-2B33-49F4-B560-EBEE95CFA813}.Release|Any CPU.Build.0 = Release|Any CPU
		{C68C0255-2B33-49F4-B560-EBEE95CFA813}.Release|x64.ActiveCfg = Release|Any CPU
		{C68C0255-2B33-49F4-B560-EBEE95CFA813}.Release|x64.Build.0 = Release|Any CPU
		{C68C0255-2B33-49F4-B560-EBEE95CFA813}.Release|x86.ActiveCfg = Release|Any CPU
		{C68C0255-2B33-49F4-B560-EBEE95CFA813}.Release|x86.Build.0 = Release|Any CPU
		{C68C0255-2B33-49F4-B560-EBEE95CFA813}.Remote|Any CPU.ActiveCfg = Release|Any CPU
		{C68C0255-2B33-49F4-B560-EBEE95CFA813}.Remote|Any CPU.Build.0 = Release|Any CPU
		{C68C0255-2B33-49F4-B560-EBEE95CFA813}.Remote|x64.ActiveCfg = Release|Any CPU
		{C68C0255-2B33-49F4-B560-EBEE95CFA813}.Remote|x64.Build.0 = Release|Any CPU
		{C68C0255-2B33-49F4-B560-EBEE95CFA813}.Remote|x86.ActiveCfg = Release|Any CPU
		{C68C0255-2B33-49F4-B560-EBEE95CFA813}.Remote|x86.Build.0 = Release|Any CPU
		{1A2B708D-7D5C-4963-9956-DD94A52163C7}.customConfig|Any CPU.ActiveCfg = Release|Any CPU
		{1A2B708D-7D5C-4963-9956-DD94A52163C7}.customConfig|Any CPU.Build.0 = Release|Any CPU
		{1A2B708D-7D5C-4963-9956-DD94A52163C7}.customConfig|x64.ActiveCfg = Release|Any CPU
		{1A2B708D-7D5C-4963-9956-DD94A52163C7}.customConfig|x64.Build.0 = Release|Any CPU
		{1A2B708D-7D5C-4963-9956-DD94A52163C7}.customConfig|x86.ActiveCfg = Release|Any CPU
		{1A2B708D-7D5C-4963-9956-DD94A52163C7}.customConfig|x86.Build.0 = Release|Any CPU
		{1A2B708D-7D5C-4963-9956-DD94A52163C7}.Debug|Any CPU.ActiveCfg = Debug|Any CPU
		{1A2B708D-7D5C-4963-9956-DD94A52163C7}.Debug|Any CPU.Build.0 = Debug|Any CPU
		{1A2B708D-7D5C-4963-9956-DD94A52163C7}.Debug|x64.ActiveCfg = Debug|Any CPU
		{1A2B708D-7D5C-4963-9956-DD94A52163C7}.Debug|x64.Build.0 = Debug|Any CPU
		{1A2B708D-7D5C-4963-9956-DD94A52163C7}.Debug|x86.ActiveCfg = Debug|Any CPU
		{1A2B708D-7D5C-4963-9956-DD94A52163C7}.Debug|x86.Build.0 = Debug|Any CPU
		{1A2B708D-7D5C-4963-9956-DD94A52163C7}.Release|Any CPU.ActiveCfg = Release|Any CPU
		{1A2B708D-7D5C-4963-9956-DD94A52163C7}.Release|Any CPU.Build.0 = Release|Any CPU
		{1A2B708D-7D5C-4963-9956-DD94A52163C7}.Release|x64.ActiveCfg = Release|Any CPU
		{1A2B708D-7D5C-4963-9956-DD94A52163C7}.Release|x64.Build.0 = Release|Any CPU
		{1A2B708D-7D5C-4963-9956-DD94A52163C7}.Release|x86.ActiveCfg = Release|Any CPU
		{1A2B708D-7D5C-4963-9956-DD94A52163C7}.Release|x86.Build.0 = Release|Any CPU
		{1A2B708D-7D5C-4963-9956-DD94A52163C7}.Remote|Any CPU.ActiveCfg = Release|Any CPU
		{1A2B708D-7D5C-4963-9956-DD94A52163C7}.Remote|Any CPU.Build.0 = Release|Any CPU
		{1A2B708D-7D5C-4963-9956-DD94A52163C7}.Remote|x64.ActiveCfg = Release|Any CPU
		{1A2B708D-7D5C-4963-9956-DD94A52163C7}.Remote|x64.Build.0 = Release|Any CPU
		{1A2B708D-7D5C-4963-9956-DD94A52163C7}.Remote|x86.ActiveCfg = Release|Any CPU
		{1A2B708D-7D5C-4963-9956-DD94A52163C7}.Remote|x86.Build.0 = Release|Any CPU
		{5E315D76-0A31-4AFA-9084-95809AE8C56E}.customConfig|Any CPU.ActiveCfg = Release|Any CPU
		{5E315D76-0A31-4AFA-9084-95809AE8C56E}.customConfig|Any CPU.Build.0 = Release|Any CPU
		{5E315D76-0A31-4AFA-9084-95809AE8C56E}.customConfig|x64.ActiveCfg = Release|Any CPU
		{5E315D76-0A31-4AFA-9084-95809AE8C56E}.customConfig|x64.Build.0 = Release|Any CPU
		{5E315D76-0A31-4AFA-9084-95809AE8C56E}.customConfig|x86.ActiveCfg = Release|Any CPU
		{5E315D76-0A31-4AFA-9084-95809AE8C56E}.customConfig|x86.Build.0 = Release|Any CPU
		{5E315D76-0A31-4AFA-9084-95809AE8C56E}.Debug|Any CPU.ActiveCfg = Debug|Any CPU
		{5E315D76-0A31-4AFA-9084-95809AE8C56E}.Debug|Any CPU.Build.0 = Debug|Any CPU
		{5E315D76-0A31-4AFA-9084-95809AE8C56E}.Debug|x64.ActiveCfg = Debug|Any CPU
		{5E315D76-0A31-4AFA-9084-95809AE8C56E}.Debug|x64.Build.0 = Debug|Any CPU
		{5E315D76-0A31-4AFA-9084-95809AE8C56E}.Debug|x86.ActiveCfg = Debug|Any CPU
		{5E315D76-0A31-4AFA-9084-95809AE8C56E}.Debug|x86.Build.0 = Debug|Any CPU
		{5E315D76-0A31-4AFA-9084-95809AE8C56E}.Release|Any CPU.ActiveCfg = Release|Any CPU
		{5E315D76-0A31-4AFA-9084-95809AE8C56E}.Release|Any CPU.Build.0 = Release|Any CPU
		{5E315D76-0A31-4AFA-9084-95809AE8C56E}.Release|x64.ActiveCfg = Release|Any CPU
		{5E315D76-0A31-4AFA-9084-95809AE8C56E}.Release|x64.Build.0 = Release|Any CPU
		{5E315D76-0A31-4AFA-9084-95809AE8C56E}.Release|x86.ActiveCfg = Release|Any CPU
		{5E315D76-0A31-4AFA-9084-95809AE8C56E}.Release|x86.Build.0 = Release|Any CPU
		{5E315D76-0A31-4AFA-9084-95809AE8C56E}.Remote|Any CPU.ActiveCfg = Release|Any CPU
		{5E315D76-0A31-4AFA-9084-95809AE8C56E}.Remote|Any CPU.Build.0 = Release|Any CPU
		{5E315D76-0A31-4AFA-9084-95809AE8C56E}.Remote|x64.ActiveCfg = Release|Any CPU
		{5E315D76-0A31-4AFA-9084-95809AE8C56E}.Remote|x64.Build.0 = Release|Any CPU
		{5E315D76-0A31-4AFA-9084-95809AE8C56E}.Remote|x86.ActiveCfg = Release|Any CPU
		{5E315D76-0A31-4AFA-9084-95809AE8C56E}.Remote|x86.Build.0 = Release|Any CPU
	EndGlobalSection
	GlobalSection(SolutionProperties) = preSolution
		HideSolutionNode = FALSE
	EndGlobalSection
	GlobalSection(ExtensibilityGlobals) = postSolution
		SolutionGuid = {4DBC4ED5-FAB0-40EF-915D-13372756BBA5}
	EndGlobalSection
EndGlobal
